
Microsoft Visual Studio Solution File, Format Version 12.00
# Visual Studio 15
Project("{FAE04EC0-301F-11D3-BF4B-00C04F79EFBC}") = "Kuzzle", "Kuzzle\Kuzzle.csproj", "{73DE88CF-7A9E-4B4F-96AA-ED4DABFA67F8}"
EndProject
Project("{FAE04EC0-301F-11D3-BF4B-00C04F79EFBC}") = "Kuzzle.Tests", "Kuzzle.Tests\Kuzzle.Tests.csproj", "{8D2951A1-7EC8-4D2D-A9C9-2ECBD1917F40}"
EndProject
Project("{FAE04EC0-301F-11D3-BF4B-00C04F79EFBC}") = "Kuzzle.Client", "Kuzzle.Client\Kuzzle.Client.csproj", "{F4B9A2B2-5C50-4FFE-8191-6B6D9D719AB3}"
EndProject
Global
	GlobalSection(SolutionConfigurationPlatforms) = preSolution
		Debug|Any CPU = Debug|Any CPU
		Release|Any CPU = Release|Any CPU
	EndGlobalSection
	GlobalSection(ProjectConfigurationPlatforms) = postSolution
		{73DE88CF-7A9E-4B4F-96AA-ED4DABFA67F8}.Debug|Any CPU.ActiveCfg = Debug|Any CPU
		{73DE88CF-7A9E-4B4F-96AA-ED4DABFA67F8}.Debug|Any CPU.Build.0 = Debug|Any CPU
		{73DE88CF-7A9E-4B4F-96AA-ED4DABFA67F8}.Release|Any CPU.ActiveCfg = Release|Any CPU
		{73DE88CF-7A9E-4B4F-96AA-ED4DABFA67F8}.Release|Any CPU.Build.0 = Release|Any CPU
		{8D2951A1-7EC8-4D2D-A9C9-2ECBD1917F40}.Debug|Any CPU.ActiveCfg = Debug|Any CPU
		{8D2951A1-7EC8-4D2D-A9C9-2ECBD1917F40}.Debug|Any CPU.Build.0 = Debug|Any CPU
		{8D2951A1-7EC8-4D2D-A9C9-2ECBD1917F40}.Release|Any CPU.ActiveCfg = Release|Any CPU
		{8D2951A1-7EC8-4D2D-A9C9-2ECBD1917F40}.Release|Any CPU.Build.0 = Release|Any CPU
		{F4B9A2B2-5C50-4FFE-8191-6B6D9D719AB3}.Debug|Any CPU.ActiveCfg = Debug|Any CPU
		{F4B9A2B2-5C50-4FFE-8191-6B6D9D719AB3}.Debug|Any CPU.Build.0 = Debug|Any CPU
		{F4B9A2B2-5C50-4FFE-8191-6B6D9D719AB3}.Release|Any CPU.ActiveCfg = Release|Any CPU
		{F4B9A2B2-5C50-4FFE-8191-6B6D9D719AB3}.Release|Any CPU.Build.0 = Release|Any CPU
	EndGlobalSection
	GlobalSection(MonoDevelopProperties) = preSolution
		Policies = $0
		$0.DotNetNamingPolicy = $1
		$1.DirectoryNamespaceAssociation = PrefixedHierarchical
		$0.TextStylePolicy = $2
		$2.inheritsSet = null
		$2.scope = text/x-csharp
		$0.CSharpFormattingPolicy = $3
		$3.NewLinesForBracesInTypes = False
		$3.NewLinesForBracesInMethods = False
		$3.NewLinesForBracesInProperties = False
		$3.NewLinesForBracesInAccessors = False
		$3.NewLinesForBracesInAnonymousMethods = False
		$3.NewLinesForBracesInControlBlocks = False
		$3.NewLinesForBracesInAnonymousTypes = False
		$3.NewLinesForBracesInObjectCollectionArrayInitializers = False
		$3.NewLinesForBracesInLambdaExpressionBody = False
		$3.NewLineForElse = False
		$3.NewLineForCatch = False
		$3.NewLineForFinally = False
		$3.NewLineForMembersInObjectInit = False
		$3.NewLineForMembersInAnonymousTypes = False
		$3.NewLineForClausesInQuery = False
		$3.scope = text/x-csharp
		$0.TextStylePolicy = $4
		$4.FileWidth = 80
		$4.TabWidth = 2
		$4.TabsToSpaces = True
		$4.IndentWidth = 2
		$4.NoTabsAfterNonTabs = True
		$4.scope = text/plain
		version = 0.1.0
	EndGlobalSection
EndGlobal
